<?xml version="1.0" encoding="utf-8"?>
<Project ToolsVersion="4.0" xmlns="http://schemas.microsoft.com/developer/msbuild/2003">
  <ItemGroup>
    <Filter Include="Source Files">
      <UniqueIdentifier>{4FC737F1-C7A5-4376-A066-2A32D752A2FF}</UniqueIdentifier>
      <Extensions>cpp;c;cc;cxx;c++;cppm;ixx;def;odl;idl;hpj;bat;asm;asmx</Extensions>
    </Filter>
    <Filter Include="Header Files">
      <UniqueIdentifier>{93995380-89BD-4b04-88EB-625FBE52EBFB}</UniqueIdentifier>
      <Extensions>h;hh;hpp;hxx;h++;hm;inl;inc;ipp;xsd</Extensions>
    </Filter>
    <Filter Include="Resource Files">
      <UniqueIdentifier>{67DA6AB6-F800-4c08-8B7A-83BB121AAD01}</UniqueIdentifier>
      <Extensions>rc;ico;cur;bmp;dlg;rc2;rct;bin;rgs;gif;jpg;jpeg;jpe;resx;tiff;tif;png;wav;mfcribbon-ms</Extensions>
    </Filter>
  </ItemGroup>
  <ItemGroup>
    <ClCompile Include="main.cpp">
      <Filter>Source Files</Filter>
    </ClCompile>
    <ClCompile Include="columnsLogic.cpp">
      <Filter>Source Files</Filter>
    </ClCompile>
    <ClCompile Include="spriteCreation.cpp">
      <Filter>Source Files</Filter>
    </ClCompile>
    <ClCompile Include="spriteMovement.cpp">
      <Filter>Source Files</Filter>
    </ClCompile>
    <ClCompile Include="spriteMovement.h">
      <Filter>Source Files</Filter>
    </ClCompile>
    <ClCompile Include="payouts.cpp">
      <Filter>Source Files</Filter>
    </ClCompile>
  </ItemGroup>
  <ItemGroup>
    <Image Include="resources\masina.png">
      <Filter>Resource Files</Filter>
    </Image>
    <Image Include="resources\paja_aspect.png">
      <Filter>Resource Files</Filter>
    </Image>
    <Image Include="resources\tamara_aspect.png">
      <Filter>Resource Files</Filter>
    </Image>
    <Image Include="resources\vasa_aspect.png">
      <Filter>Resource Files</Filter>
    </Image>
    <Image Include="resources\book_of_luza_bg.png">
      <Filter>Resource Files</Filter>
    </Image>
    <Image Include="resources\glavas_aspect.png">
      <Filter>Resource Files</Filter>
    </Image>
    <Image Include="resources\jankula_aspect.png">
      <Filter>Resource Files</Filter>
    </Image>
    <Image Include="resources\luza_aspect.png">
      <Filter>Resource Files</Filter>
    </Image>
  </ItemGroup>
  <ItemGroup>
    <ClInclude Include="columnsLogic.h">
      <Filter>Source Files</Filter>
    </ClInclude>
    <ClInclude Include="spriteCreation.h">
      <Filter>Source Files</Filter>
    </ClInclude>
  </ItemGroup>
</Project>